
Microsoft Visual Studio Solution File, Format Version 12.00
# Visual Studio Version 17
VisualStudioVersion = 17.3.32811.315
MinimumVisualStudioVersion = 10.0.40219.1
Project("{FAE04EC0-301F-11D3-BF4B-00C04F79EFBC}") = "Syntax and Syntax Sugar", "Syntax and Syntax Sugar.csproj", "{94C1330D-E460-4911-81FB-0FCF22662605}"
EndProject
Global
	GlobalSection(SolutionConfigurationPlatforms) = preSolution
		Debug|Any CPU = Debug|Any CPU
		Release|Any CPU = Release|Any CPU
	EndGlobalSection
	GlobalSection(ProjectConfigurationPlatforms) = postSolution
		{94C1330D-E460-4911-81FB-0FCF22662605}.Debug|Any CPU.ActiveCfg = Debug|Any CPU
		{94C1330D-E460-4911-81FB-0FCF22662605}.Debug|Any CPU.Build.0 = Debug|Any CPU
		{94C1330D-E460-4911-81FB-0FCF22662605}.Release|Any CPU.ActiveCfg = Release|Any CPU
		{94C1330D-E460-4911-81FB-0FCF22662605}.Release|Any CPU.Build.0 = Release|Any CPU
	EndGlobalSection
	GlobalSection(SolutionProperties) = preSolution
		HideSolutionNode = FALSE
	EndGlobalSection
	GlobalSection(ExtensibilityGlobals) = postSolution
		SolutionGuid = {554CF499-FC29-44C3-88F6-9FF0425914BE}
	EndGlobalSection
EndGlobal
